// !$*UTF8*$!
{
	archiveVersion = 1;
	classes = {
	};
	objectVersion = 46;
	objects = {

/* Begin PBXBuildFile section */
		822F7B2016E8CE5B00898CA4 /* UIKit.framework in Frameworks */ = {isa = PBXBuildFile; fileRef = 822F7B1F16E8CE5B00898CA4 /* UIKit.framework */; };
		822F7B2216E8CE5B00898CA4 /* Foundation.framework in Frameworks */ = {isa = PBXBuildFile; fileRef = 822F7B2116E8CE5B00898CA4 /* Foundation.framework */; };
		822F7B2416E8CE5B00898CA4 /* CoreGraphics.framework in Frameworks */ = {isa = PBXBuildFile; fileRef = 822F7B2316E8CE5B00898CA4 /* CoreGraphics.framework */; };
		822F7B2A16E8CE5B00898CA4 /* InfoPlist.strings in Resources */ = {isa = PBXBuildFile; fileRef = 822F7B2816E8CE5B00898CA4 /* InfoPlist.strings */; };
		822F7B2C16E8CE5B00898CA4 /* main.m in Sources */ = {isa = PBXBuildFile; fileRef = 822F7B2B16E8CE5B00898CA4 /* main.m */; };
		822F7B3016E8CE5B00898CA4 /* AppDelegate.m in Sources */ = {isa = PBXBuildFile; fileRef = 822F7B2F16E8CE5B00898CA4 /* AppDelegate.m */; };
		822F7B3216E8CE5B00898CA4 /* Default.png in Resources */ = {isa = PBXBuildFile; fileRef = 822F7B3116E8CE5B00898CA4 /* Default.png */; };
		822F7B3416E8CE5B00898CA4 /* Default@2x.png in Resources */ = {isa = PBXBuildFile; fileRef = 822F7B3316E8CE5B00898CA4 /* Default@2x.png */; };
		822F7B3616E8CE5B00898CA4 /* Default-568h@2x.png in Resources */ = {isa = PBXBuildFile; fileRef = 822F7B3516E8CE5B00898CA4 /* Default-568h@2x.png */; };
		822F7B8716E8D8A700898CA4 /* PCSRootViewController.m in Sources */ = {isa = PBXBuildFile; fileRef = 822F7B8616E8D8A700898CA4 /* PCSRootViewController.m */; };
		822F7B8E16E8DD7000898CA4 /* PCSMainTabBarController.m in Sources */ = {isa = PBXBuildFile; fileRef = 822F7B8D16E8DD7000898CA4 /* PCSMainTabBarController.m */; };
		822F7B9716E8E45F00898CA4 /* PCSLoginViewController.m in Sources */ = {isa = PBXBuildFile; fileRef = 822F7B9516E8E45F00898CA4 /* PCSLoginViewController.m */; };
		822F7B9816E8E45F00898CA4 /* PCSLoginViewController.xib in Resources */ = {isa = PBXBuildFile; fileRef = 822F7B9616E8E45F00898CA4 /* PCSLoginViewController.xib */; };
		822F7BA616E8E74F00898CA4 /* PCSNetDiskViewController.m in Sources */ = {isa = PBXBuildFile; fileRef = 822F7BA416E8E74F00898CA4 /* PCSNetDiskViewController.m */; };
		822F7BA716E8E74F00898CA4 /* PCSNetDiskViewController.xib in Resources */ = {isa = PBXBuildFile; fileRef = 822F7BA516E8E74F00898CA4 /* PCSNetDiskViewController.xib */; };
		822F7BAB16E8E77000898CA4 /* PCSUploadViewController.m in Sources */ = {isa = PBXBuildFile; fileRef = 822F7BA916E8E77000898CA4 /* PCSUploadViewController.m */; };
		822F7BAC16E8E77000898CA4 /* PCSUploadViewController.xib in Resources */ = {isa = PBXBuildFile; fileRef = 822F7BAA16E8E77000898CA4 /* PCSUploadViewController.xib */; };
		822F7BB016E8E78800898CA4 /* PCSMoreViewController.m in Sources */ = {isa = PBXBuildFile; fileRef = 822F7BAE16E8E78800898CA4 /* PCSMoreViewController.m */; };
		822F7BB116E8E78800898CA4 /* PCSMoreViewController.xib in Resources */ = {isa = PBXBuildFile; fileRef = 822F7BAF16E8E78800898CA4 /* PCSMoreViewController.xib */; };
		822F7BB516E8EE0700898CA4 /* PCSOfflineViewController.m in Sources */ = {isa = PBXBuildFile; fileRef = 822F7BB316E8EE0700898CA4 /* PCSOfflineViewController.m */; };
		822F7BB616E8EE0700898CA4 /* PCSOfflineViewController.xib in Resources */ = {isa = PBXBuildFile; fileRef = 822F7BB416E8EE0700898CA4 /* PCSOfflineViewController.xib */; };
		822F7BC216E8F7B300898CA4 /* baidu_pcs_ios-1.0.a in Frameworks */ = {isa = PBXBuildFile; fileRef = 822F7BC116E8F7B300898CA4 /* baidu_pcs_ios-1.0.a */; };
/* End PBXBuildFile section */

/* Begin PBXFileReference section */
		822F7B1B16E8CE5B00898CA4 /* PCSNetworkDisk.app */ = {isa = PBXFileReference; explicitFileType = wrapper.application; includeInIndex = 0; path = PCSNetworkDisk.app; sourceTree = BUILT_PRODUCTS_DIR; };
		822F7B1F16E8CE5B00898CA4 /* UIKit.framework */ = {isa = PBXFileReference; lastKnownFileType = wrapper.framework; name = UIKit.framework; path = System/Library/Frameworks/UIKit.framework; sourceTree = SDKROOT; };
		822F7B2116E8CE5B00898CA4 /* Foundation.framework */ = {isa = PBXFileReference; lastKnownFileType = wrapper.framework; name = Foundation.framework; path = System/Library/Frameworks/Foundation.framework; sourceTree = SDKROOT; };
		822F7B2316E8CE5B00898CA4 /* CoreGraphics.framework */ = {isa = PBXFileReference; lastKnownFileType = wrapper.framework; name = CoreGraphics.framework; path = System/Library/Frameworks/CoreGraphics.framework; sourceTree = SDKROOT; };
		822F7B2716E8CE5B00898CA4 /* PCSNetworkDisk-Info.plist */ = {isa = PBXFileReference; lastKnownFileType = text.plist.xml; path = "PCSNetworkDisk-Info.plist"; sourceTree = "<group>"; };
		822F7B2916E8CE5B00898CA4 /* en */ = {isa = PBXFileReference; lastKnownFileType = text.plist.strings; name = en; path = en.lproj/InfoPlist.strings; sourceTree = "<group>"; };
		822F7B2B16E8CE5B00898CA4 /* main.m */ = {isa = PBXFileReference; lastKnownFileType = sourcecode.c.objc; lineEnding = 0; path = main.m; sourceTree = "<group>"; xcLanguageSpecificationIdentifier = xcode.lang.objc; };
		822F7B2D16E8CE5B00898CA4 /* PCSNetworkDisk-Prefix.pch */ = {isa = PBXFileReference; lastKnownFileType = sourcecode.c.h; path = "PCSNetworkDisk-Prefix.pch"; sourceTree = "<group>"; };
		822F7B2E16E8CE5B00898CA4 /* AppDelegate.h */ = {isa = PBXFileReference; lastKnownFileType = sourcecode.c.h; lineEnding = 0; path = AppDelegate.h; sourceTree = "<group>"; xcLanguageSpecificationIdentifier = xcode.lang.objcpp; };
		822F7B2F16E8CE5B00898CA4 /* AppDelegate.m */ = {isa = PBXFileReference; lastKnownFileType = sourcecode.c.objc; lineEnding = 0; path = AppDelegate.m; sourceTree = "<group>"; xcLanguageSpecificationIdentifier = xcode.lang.objc; };
		822F7B3116E8CE5B00898CA4 /* Default.png */ = {isa = PBXFileReference; lastKnownFileType = image.png; path = Default.png; sourceTree = "<group>"; };
		822F7B3316E8CE5B00898CA4 /* Default@2x.png */ = {isa = PBXFileReference; lastKnownFileType = image.png; path = "Default@2x.png"; sourceTree = "<group>"; };
		822F7B3516E8CE5B00898CA4 /* Default-568h@2x.png */ = {isa = PBXFileReference; lastKnownFileType = image.png; path = "Default-568h@2x.png"; sourceTree = "<group>"; };
		822F7B8516E8D8A700898CA4 /* PCSRootViewController.h */ = {isa = PBXFileReference; fileEncoding = 4; lastKnownFileType = sourcecode.c.h; path = PCSRootViewController.h; sourceTree = "<group>"; };
		822F7B8616E8D8A700898CA4 /* PCSRootViewController.m */ = {isa = PBXFileReference; fileEncoding = 4; lastKnownFileType = sourcecode.c.objc; path = PCSRootViewController.m; sourceTree = "<group>"; };
		822F7B8C16E8DD7000898CA4 /* PCSMainTabBarController.h */ = {isa = PBXFileReference; fileEncoding = 4; lastKnownFileType = sourcecode.c.h; path = PCSMainTabBarController.h; sourceTree = "<group>"; };
		822F7B8D16E8DD7000898CA4 /* PCSMainTabBarController.m */ = {isa = PBXFileReference; fileEncoding = 4; lastKnownFileType = sourcecode.c.objc; path = PCSMainTabBarController.m; sourceTree = "<group>"; };
		822F7B8F16E8DEF500898CA4 /* PCSMacroDefine.h */ = {isa = PBXFileReference; lastKnownFileType = sourcecode.c.h; lineEnding = 0; path = PCSMacroDefine.h; sourceTree = "<group>"; xcLanguageSpecificationIdentifier = xcode.lang.objcpp; };
		822F7B9416E8E45F00898CA4 /* PCSLoginViewController.h */ = {isa = PBXFileReference; fileEncoding = 4; lastKnownFileType = sourcecode.c.h; lineEnding = 0; path = PCSLoginViewController.h; sourceTree = "<group>"; xcLanguageSpecificationIdentifier = xcode.lang.objcpp; };
		822F7B9516E8E45F00898CA4 /* PCSLoginViewController.m */ = {isa = PBXFileReference; fileEncoding = 4; lastKnownFileType = sourcecode.c.objc; lineEnding = 0; path = PCSLoginViewController.m; sourceTree = "<group>"; xcLanguageSpecificationIdentifier = xcode.lang.objc; };
		822F7B9616E8E45F00898CA4 /* PCSLoginViewController.xib */ = {isa = PBXFileReference; fileEncoding = 4; lastKnownFileType = file.xib; path = PCSLoginViewController.xib; sourceTree = "<group>"; };
		822F7BA316E8E74F00898CA4 /* PCSNetDiskViewController.h */ = {isa = PBXFileReference; fileEncoding = 4; lastKnownFileType = sourcecode.c.h; path = PCSNetDiskViewController.h; sourceTree = "<group>"; };
		822F7BA416E8E74F00898CA4 /* PCSNetDiskViewController.m */ = {isa = PBXFileReference; fileEncoding = 4; lastKnownFileType = sourcecode.c.objc; path = PCSNetDiskViewController.m; sourceTree = "<group>"; };
		822F7BA516E8E74F00898CA4 /* PCSNetDiskViewController.xib */ = {isa = PBXFileReference; fileEncoding = 4; lastKnownFileType = file.xib; path = PCSNetDiskViewController.xib; sourceTree = "<group>"; };
		822F7BA816E8E77000898CA4 /* PCSUploadViewController.h */ = {isa = PBXFileReference; fileEncoding = 4; lastKnownFileType = sourcecode.c.h; path = PCSUploadViewController.h; sourceTree = "<group>"; };
		822F7BA916E8E77000898CA4 /* PCSUploadViewController.m */ = {isa = PBXFileReference; fileEncoding = 4; lastKnownFileType = sourcecode.c.objc; path = PCSUploadViewController.m; sourceTree = "<group>"; };
		822F7BAA16E8E77000898CA4 /* PCSUploadViewController.xib */ = {isa = PBXFileReference; fileEncoding = 4; lastKnownFileType = file.xib; path = PCSUploadViewController.xib; sourceTree = "<group>"; };
		822F7BAD16E8E78800898CA4 /* PCSMoreViewController.h */ = {isa = PBXFileReference; fileEncoding = 4; lastKnownFileType = sourcecode.c.h; path = PCSMoreViewController.h; sourceTree = "<group>"; };
		822F7BAE16E8E78800898CA4 /* PCSMoreViewController.m */ = {isa = PBXFileReference; fileEncoding = 4; lastKnownFileType = sourcecode.c.objc; path = PCSMoreViewController.m; sourceTree = "<group>"; };
		822F7BAF16E8E78800898CA4 /* PCSMoreViewController.xib */ = {isa = PBXFileReference; fileEncoding = 4; lastKnownFileType = file.xib; path = PCSMoreViewController.xib; sourceTree = "<group>"; };
		822F7BB216E8EE0700898CA4 /* PCSOfflineViewController.h */ = {isa = PBXFileReference; fileEncoding = 4; lastKnownFileType = sourcecode.c.h; path = PCSOfflineViewController.h; sourceTree = "<group>"; };
		822F7BB316E8EE0700898CA4 /* PCSOfflineViewController.m */ = {isa = PBXFileReference; fileEncoding = 4; lastKnownFileType = sourcecode.c.objc; path = PCSOfflineViewController.m; sourceTree = "<group>"; };
		822F7BB416E8EE0700898CA4 /* PCSOfflineViewController.xib */ = {isa = PBXFileReference; fileEncoding = 4; lastKnownFileType = file.xib; path = PCSOfflineViewController.xib; sourceTree = "<group>"; };
		822F7BBC16E8F7A300898CA4 /* BaiduOAuth.h */ = {isa = PBXFileReference; fileEncoding = 4; lastKnownFileType = sourcecode.c.h; path = BaiduOAuth.h; sourceTree = "<group>"; };
		822F7BBD16E8F7A300898CA4 /* BaiduPCSActionInfo.h */ = {isa = PBXFileReference; fileEncoding = 4; lastKnownFileType = sourcecode.c.h; path = BaiduPCSActionInfo.h; sourceTree = "<group>"; };
		822F7BBE16E8F7A300898CA4 /* BaiduPCSClient.h */ = {isa = PBXFileReference; fileEncoding = 4; lastKnownFileType = sourcecode.c.h; path = BaiduPCSClient.h; sourceTree = "<group>"; };
		822F7BBF16E8F7A300898CA4 /* BaiduPCSErrorCode.h */ = {isa = PBXFileReference; fileEncoding = 4; lastKnownFileType = sourcecode.c.h; path = BaiduPCSErrorCode.h; sourceTree = "<group>"; };
		822F7BC016E8F7A300898CA4 /* BaiduPCSStatusListener.h */ = {isa = PBXFileReference; fileEncoding = 4; lastKnownFileType = sourcecode.c.h; path = BaiduPCSStatusListener.h; sourceTree = "<group>"; };
		822F7BC116E8F7B300898CA4 /* baidu_pcs_ios-1.0.a */ = {isa = PBXFileReference; lastKnownFileType = archive.ar; path = "baidu_pcs_ios-1.0.a"; sourceTree = "<group>"; };
/* End PBXFileReference section */

/* Begin PBXFrameworksBuildPhase section */
		822F7B1816E8CE5B00898CA4 /* Frameworks */ = {
			isa = PBXFrameworksBuildPhase;
			buildActionMask = 2147483647;
			files = (
				822F7B2016E8CE5B00898CA4 /* UIKit.framework in Frameworks */,
				822F7B2216E8CE5B00898CA4 /* Foundation.framework in Frameworks */,
				822F7B2416E8CE5B00898CA4 /* CoreGraphics.framework in Frameworks */,
				822F7BC216E8F7B300898CA4 /* baidu_pcs_ios-1.0.a in Frameworks */,
			);
			runOnlyForDeploymentPostprocessing = 0;
		};
/* End PBXFrameworksBuildPhase section */

/* Begin PBXGroup section */
		822F7B1016E8CE5B00898CA4 = {
			isa = PBXGroup;
			children = (
				822F7B2516E8CE5B00898CA4 /* PCSNetworkDisk */,
				822F7B1E16E8CE5B00898CA4 /* Frameworks */,
				822F7B1C16E8CE5B00898CA4 /* Products */,
			);
			sourceTree = "<group>";
		};
		822F7B1C16E8CE5B00898CA4 /* Products */ = {
			isa = PBXGroup;
			children = (
				822F7B1B16E8CE5B00898CA4 /* PCSNetworkDisk.app */,
			);
			name = Products;
			sourceTree = "<group>";
		};
		822F7B1E16E8CE5B00898CA4 /* Frameworks */ = {
			isa = PBXGroup;
			children = (
				822F7B1F16E8CE5B00898CA4 /* UIKit.framework */,
				822F7B2116E8CE5B00898CA4 /* Foundation.framework */,
				822F7B2316E8CE5B00898CA4 /* CoreGraphics.framework */,
			);
			name = Frameworks;
			sourceTree = "<group>";
		};
		822F7B2516E8CE5B00898CA4 /* PCSNetworkDisk */ = {
			isa = PBXGroup;
			children = (
				822F7B8416E8D81000898CA4 /* Resources */,
				822F7B7D16E8D73600898CA4 /* Utilities */,
				822F7B7E16E8D74B00898CA4 /* Model */,
				822F7B8016E8D79B00898CA4 /* AppDelegate */,
				822F7B7F16E8D76B00898CA4 /* View */,
				822F7B2616E8CE5B00898CA4 /* Supporting Files */,
			);
			path = PCSNetworkDisk;
			sourceTree = "<group>";
		};
		822F7B2616E8CE5B00898CA4 /* Supporting Files */ = {
			isa = PBXGroup;
			children = (
				822F7B2716E8CE5B00898CA4 /* PCSNetworkDisk-Info.plist */,
				822F7B2816E8CE5B00898CA4 /* InfoPlist.strings */,
				822F7B2B16E8CE5B00898CA4 /* main.m */,
				822F7B2D16E8CE5B00898CA4 /* PCSNetworkDisk-Prefix.pch */,
				822F7B3116E8CE5B00898CA4 /* Default.png */,
				822F7B3316E8CE5B00898CA4 /* Default@2x.png */,
				822F7B3516E8CE5B00898CA4 /* Default-568h@2x.png */,
			);
			name = "Supporting Files";
			sourceTree = "<group>";
		};
		822F7B7D16E8D73600898CA4 /* Utilities */ = {
			isa = PBXGroup;
			children = (
				822F7BBB16E8F77900898CA4 /* BaiduPCSSDK */,
				822F7B8F16E8DEF500898CA4 /* PCSMacroDefine.h */,
			);
			name = Utilities;
			sourceTree = "<group>";
		};
		822F7B7E16E8D74B00898CA4 /* Model */ = {
			isa = PBXGroup;
			children = (
			);
			name = Model;
			sourceTree = "<group>";
		};
		822F7B7F16E8D76B00898CA4 /* View */ = {
			isa = PBXGroup;
			children = (
				822F7B8316E8D7C600898CA4 /* CustomView */,
				822F7B8116E8D7AD00898CA4 /* SubViewController */,
				822F7B8216E8D7BB00898CA4 /* MainViewController */,
			);
			name = View;
			sourceTree = "<group>";
		};
		822F7B8016E8D79B00898CA4 /* AppDelegate */ = {
			isa = PBXGroup;
			children = (
				822F7B2E16E8CE5B00898CA4 /* AppDelegate.h */,
				822F7B2F16E8CE5B00898CA4 /* AppDelegate.m */,
			);
			name = AppDelegate;
			sourceTree = "<group>";
		};
		822F7B8116E8D7AD00898CA4 /* SubViewController */ = {
			isa = PBXGroup;
			children = (
				822F7B9416E8E45F00898CA4 /* PCSLoginViewController.h */,
				822F7B9516E8E45F00898CA4 /* PCSLoginViewController.m */,
				822F7B9616E8E45F00898CA4 /* PCSLoginViewController.xib */,
			);
			name = SubViewController;
			sourceTree = "<group>";
		};
		822F7B8216E8D7BB00898CA4 /* MainViewController */ = {
			isa = PBXGroup;
			children = (
				822F7B8516E8D8A700898CA4 /* PCSRootViewController.h */,
				822F7B8616E8D8A700898CA4 /* PCSRootViewController.m */,
				822F7B8C16E8DD7000898CA4 /* PCSMainTabBarController.h */,
				822F7B8D16E8DD7000898CA4 /* PCSMainTabBarController.m */,
				822F7BA316E8E74F00898CA4 /* PCSNetDiskViewController.h */,
				822F7BA416E8E74F00898CA4 /* PCSNetDiskViewController.m */,
				822F7BA516E8E74F00898CA4 /* PCSNetDiskViewController.xib */,
				822F7BA816E8E77000898CA4 /* PCSUploadViewController.h */,
				822F7BA916E8E77000898CA4 /* PCSUploadViewController.m */,
				822F7BAA16E8E77000898CA4 /* PCSUploadViewController.xib */,
				822F7BB216E8EE0700898CA4 /* PCSOfflineViewController.h */,
				822F7BB316E8EE0700898CA4 /* PCSOfflineViewController.m */,
				822F7BB416E8EE0700898CA4 /* PCSOfflineViewController.xib */,
				822F7BAD16E8E78800898CA4 /* PCSMoreViewController.h */,
				822F7BAE16E8E78800898CA4 /* PCSMoreViewController.m */,
				822F7BAF16E8E78800898CA4 /* PCSMoreViewController.xib */,
			);
			name = MainViewController;
			sourceTree = "<group>";
		};
		822F7B8316E8D7C600898CA4 /* CustomView */ = {
			isa = PBXGroup;
			children = (
			);
			name = CustomView;
			sourceTree = "<group>";
		};
		822F7B8416E8D81000898CA4 /* Resources */ = {
			isa = PBXGroup;
			children = (
			);
			name = Resources;
			sourceTree = "<group>";
		};
		822F7BBB16E8F77900898CA4 /* BaiduPCSSDK */ = {
			isa = PBXGroup;
			children = (
				822F7BC116E8F7B300898CA4 /* baidu_pcs_ios-1.0.a */,
				822F7BBC16E8F7A300898CA4 /* BaiduOAuth.h */,
				822F7BBD16E8F7A300898CA4 /* BaiduPCSActionInfo.h */,
				822F7BBE16E8F7A300898CA4 /* BaiduPCSClient.h */,
				822F7BBF16E8F7A300898CA4 /* BaiduPCSErrorCode.h */,
				822F7BC016E8F7A300898CA4 /* BaiduPCSStatusListener.h */,
			);
			name = BaiduPCSSDK;
			sourceTree = "<group>";
		};
/* End PBXGroup section */

/* Begin PBXNativeTarget section */
		822F7B1A16E8CE5B00898CA4 /* PCSNetworkDisk */ = {
			isa = PBXNativeTarget;
			buildConfigurationList = 822F7B3F16E8CE5B00898CA4 /* Build configuration list for PBXNativeTarget "PCSNetworkDisk" */;
			buildPhases = (
				822F7B1716E8CE5B00898CA4 /* Sources */,
				822F7B1816E8CE5B00898CA4 /* Frameworks */,
				822F7B1916E8CE5B00898CA4 /* Resources */,
			);
			buildRules = (
			);
			dependencies = (
			);
			name = PCSNetworkDisk;
			productName = PCSNetworkDisk;
			productReference = 822F7B1B16E8CE5B00898CA4 /* PCSNetworkDisk.app */;
			productType = "com.apple.product-type.application";
		};
/* End PBXNativeTarget section */

/* Begin PBXProject section */
		822F7B1216E8CE5B00898CA4 /* Project object */ = {
			isa = PBXProject;
			attributes = {
				LastUpgradeCheck = 0450;
				ORGANIZATIONNAME = hisunsray;
			};
			buildConfigurationList = 822F7B1516E8CE5B00898CA4 /* Build configuration list for PBXProject "PCSNetworkDisk" */;
			compatibilityVersion = "Xcode 3.2";
			developmentRegion = English;
			hasScannedForEncodings = 0;
			knownRegions = (
				en,
			);
			mainGroup = 822F7B1016E8CE5B00898CA4;
			productRefGroup = 822F7B1C16E8CE5B00898CA4 /* Products */;
			projectDirPath = "";
			projectRoot = "";
			targets = (
				822F7B1A16E8CE5B00898CA4 /* PCSNetworkDisk */,
			);
		};
/* End PBXProject section */

/* Begin PBXResourcesBuildPhase section */
		822F7B1916E8CE5B00898CA4 /* Resources */ = {
			isa = PBXResourcesBuildPhase;
			buildActionMask = 2147483647;
			files = (
				822F7B2A16E8CE5B00898CA4 /* InfoPlist.strings in Resources */,
				822F7B3216E8CE5B00898CA4 /* Default.png in Resources */,
				822F7B3416E8CE5B00898CA4 /* Default@2x.png in Resources */,
				822F7B3616E8CE5B00898CA4 /* Default-568h@2x.png in Resources */,
				822F7B9816E8E45F00898CA4 /* PCSLoginViewController.xib in Resources */,
				822F7BA716E8E74F00898CA4 /* PCSNetDiskViewController.xib in Resources */,
				822F7BAC16E8E77000898CA4 /* PCSUploadViewController.xib in Resources */,
				822F7BB116E8E78800898CA4 /* PCSMoreViewController.xib in Resources */,
				822F7BB616E8EE0700898CA4 /* PCSOfflineViewController.xib in Resources */,
			);
			runOnlyForDeploymentPostprocessing = 0;
		};
/* End PBXResourcesBuildPhase section */

/* Begin PBXSourcesBuildPhase section */
		822F7B1716E8CE5B00898CA4 /* Sources */ = {
			isa = PBXSourcesBuildPhase;
			buildActionMask = 2147483647;
			files = (
				822F7B2C16E8CE5B00898CA4 /* main.m in Sources */,
				822F7B3016E8CE5B00898CA4 /* AppDelegate.m in Sources */,
				822F7B8716E8D8A700898CA4 /* PCSRootViewController.m in Sources */,
				822F7B8E16E8DD7000898CA4 /* PCSMainTabBarController.m in Sources */,
				822F7B9716E8E45F00898CA4 /* PCSLoginViewController.m in Sources */,
				822F7BA616E8E74F00898CA4 /* PCSNetDiskViewController.m in Sources */,
				822F7BAB16E8E77000898CA4 /* PCSUploadViewController.m in Sources */,
				822F7BB016E8E78800898CA4 /* PCSMoreViewController.m in Sources */,
				822F7BB516E8EE0700898CA4 /* PCSOfflineViewController.m in Sources */,
			);
			runOnlyForDeploymentPostprocessing = 0;
		};
/* End PBXSourcesBuildPhase section */

/* Begin PBXVariantGroup section */
		822F7B2816E8CE5B00898CA4 /* InfoPlist.strings */ = {
			isa = PBXVariantGroup;
			children = (
				822F7B2916E8CE5B00898CA4 /* en */,
			);
			name = InfoPlist.strings;
			sourceTree = "<group>";
		};
/* End PBXVariantGroup section */

/* Begin XCBuildConfiguration section */
		822F7B3D16E8CE5B00898CA4 /* Debug */ = {
			isa = XCBuildConfiguration;
			buildSettings = {
				ALWAYS_SEARCH_USER_PATHS = NO;
				CLANG_CXX_LANGUAGE_STANDARD = "gnu++0x";
				CLANG_CXX_LIBRARY = "libc++";
				CLANG_WARN_EMPTY_BODY = YES;
				CLANG_WARN__DUPLICATE_METHOD_MATCH = YES;
				"CODE_SIGN_IDENTITY[sdk=iphoneos*]" = "iPhone Developer";
				COPY_PHASE_STRIP = NO;
				GCC_C_LANGUAGE_STANDARD = gnu99;
				GCC_DYNAMIC_NO_PIC = NO;
				GCC_OPTIMIZATION_LEVEL = 0;
				GCC_PREPROCESSOR_DEFINITIONS = (
					"DEBUG=1",
					"$(inherited)",
				);
				GCC_SYMBOLS_PRIVATE_EXTERN = NO;
				GCC_WARN_ABOUT_RETURN_TYPE = YES;
				GCC_WARN_UNINITIALIZED_AUTOS = YES;
				GCC_WARN_UNUSED_VARIABLE = YES;
				IPHONEOS_DEPLOYMENT_TARGET = 6.0;
				ONLY_ACTIVE_ARCH = YES;
				SDKROOT = iphoneos;
			};
			name = Debug;
		};
		822F7B3E16E8CE5B00898CA4 /* Release */ = {
			isa = XCBuildConfiguration;
			buildSettings = {
				ALWAYS_SEARCH_USER_PATHS = NO;
				CLANG_CXX_LANGUAGE_STANDARD = "gnu++0x";
				CLANG_CXX_LIBRARY = "libc++";
				CLANG_WARN_EMPTY_BODY = YES;
				CLANG_WARN__DUPLICATE_METHOD_MATCH = YES;
				"CODE_SIGN_IDENTITY[sdk=iphoneos*]" = "iPhone Developer";
				COPY_PHASE_STRIP = YES;
				GCC_C_LANGUAGE_STANDARD = gnu99;
				GCC_WARN_ABOUT_RETURN_TYPE = YES;
				GCC_WARN_UNINITIALIZED_AUTOS = YES;
				GCC_WARN_UNUSED_VARIABLE = YES;
				IPHONEOS_DEPLOYMENT_TARGET = 6.0;
				OTHER_CFLAGS = "-DNS_BLOCK_ASSERTIONS=1";
				SDKROOT = iphoneos;
				VALIDATE_PRODUCT = YES;
			};
			name = Release;
		};
		822F7B4016E8CE5B00898CA4 /* Debug */ = {
			isa = XCBuildConfiguration;
			buildSettings = {
				GCC_PRECOMPILE_PREFIX_HEADER = YES;
				GCC_PREFIX_HEADER = "PCSNetworkDisk/PCSNetworkDisk-Prefix.pch";
				INFOPLIST_FILE = "PCSNetworkDisk/PCSNetworkDisk-Info.plist";
				LIBRARY_SEARCH_PATHS = (
					"$(inherited)",
					"\"$(SRCROOT)/PCSNetworkDisk\"",
				);
				PRODUCT_NAME = "$(TARGET_NAME)";
				WRAPPER_EXTENSION = app;
			};
			name = Debug;
		};
		822F7B4116E8CE5B00898CA4 /* Release */ = {
			isa = XCBuildConfiguration;
			buildSettings = {
				GCC_PRECOMPILE_PREFIX_HEADER = YES;
				GCC_PREFIX_HEADER = "PCSNetworkDisk/PCSNetworkDisk-Prefix.pch";
				INFOPLIST_FILE = "PCSNetworkDisk/PCSNetworkDisk-Info.plist";
				LIBRARY_SEARCH_PATHS = (
					"$(inherited)",
					"\"$(SRCROOT)/PCSNetworkDisk\"",
				);
				PRODUCT_NAME = "$(TARGET_NAME)";
				WRAPPER_EXTENSION = app;
			};
			name = Release;
		};
/* End XCBuildConfiguration section */

/* Begin XCConfigurationList section */
		822F7B1516E8CE5B00898CA4 /* Build configuration list for PBXProject "PCSNetworkDisk" */ = {
			isa = XCConfigurationList;
			buildConfigurations = (
				822F7B3D16E8CE5B00898CA4 /* Debug */,
				822F7B3E16E8CE5B00898CA4 /* Release */,
			);
			defaultConfigurationIsVisible = 0;
			defaultConfigurationName = Release;
		};
		822F7B3F16E8CE5B00898CA4 /* Build configuration list for PBXNativeTarget "PCSNetworkDisk" */ = {
			isa = XCConfigurationList;
			buildConfigurations = (
				822F7B4016E8CE5B00898CA4 /* Debug */,
				822F7B4116E8CE5B00898CA4 /* Release */,
			);
			defaultConfigurationIsVisible = 0;
			defaultConfigurationName = Release;
		};
/* End XCConfigurationList section */
	};
	rootObject = 822F7B1216E8CE5B00898CA4 /* Project object */;
}
